{
  "name": "ccc30721711132mike",
  "version": "1.0.0",
  "lockfileVersion": 1,
  "requires": true,
  "dependencies": {
    "ccc307publicpackage": {
      "version": "1.0.0",
      "resolved": "https://registry.npmjs.org/ccc307publicpackage/-/ccc307publicpackage-1.0.0.tgz",
      "integrity": "sha512-GZ9cyqrtRchDV4mSkzIXzLWsTOy3Hgaydwp1gU9e2Vnb7ALhcZxL/ltYk4F5NGtISfdvMaxal/RvtmKQuLXXSA=="
    }
  }
}
